{
  "name": "ngblogger",
  "version": "1.0.0",
  "lockfileVersion": 1,
  "requires": true,
  "dependencies": {
    "async": {
      "version": "2.6.4",
      "resolved": "https://registry.npmjs.org/async/-/async-2.6.4.tgz",
      "integrity": "sha512-mzo5dfJYwAn29PeiJ0zvwTo04zj8HDJj0Mn8TD7sno7q12prdbnasKJHhkm2c1LgrhlJ0teaea8860oxi51mGA==",
      "requires": {
        "lodash": "^4.17.14"
      },
      "dependencies": {
        "lodash": {
          "version": "4.17.21",
          "resolved": "https://registry.npmjs.org/lodash/-/lodash-4.17.21.tgz",
          "integrity": "sha512-v2kDEe57lecTulaDIuNTPy3Ry4gLGJ6Z1O3vE1krgXZNrsQ+LFTGHVxVjcXPs17LhbZVGedAJv8XZ1tvj5FvSg=="
        }
      }
    },
    "body-parser": {
      "version": "1.17.2",
      "resolved": "https://registry.npmjs.org/body-parser/-/body-parser-1.17.2.tgz",
      "integrity": "sha1-+IkqvI+eYn1Crtr7yma/WrmRBO4=",
      "dependencies": {
        "debug": {
          "version": "2.6.7",
          "resolved": "https://registry.npmjs.org/debug/-/debug-2.6.7.tgz",
          "integrity": "sha1-krrR9tBbu2u6Isyoi80OyJTChh4="
        },
        "iconv-lite": {
          "version": "0.4.15",
          "resolved": "https://registry.npmjs.org/iconv-lite/-/iconv-lite-0.4.15.tgz",
          "integrity": "sha1-/iZaIYrGpXz+hUkn6dBMGYJe3es="
        }
      }
    },
    "express": {
      "version": "4.15.4",
      "resolved": "https://registry.npmjs.org/express/-/express-4.15.4.tgz",
      "integrity": "sha1-Ay4iU0ic+PzgJma+yj0R7XotrtE=",
      "dependencies": {
        "qs": {
          "version": "6.5.0",
          "resolved": "https://registry.npmjs.org/qs/-/qs-6.5.0.tgz",
          "integrity": "sha512-fjVFjW9yhqMhVGwRExCXLhJKrLlkYSaxNWdyc9rmHlrVZbk35YHH312dFd7191uQeXkI3mKLZTIbSvIeFwFemg=="
        }
      }
    },
    "grunt": {
      "version": "1.0.1",
      "resolved": "https://registry.npmjs.org/grunt/-/grunt-1.0.1.tgz",
      "integrity": "sha1-6HeHZOlEsY8yuw8QuQeEdcnftWs=",
      "dev": true,
      "dependencies": {
        "grunt-cli": {
          "version": "1.2.0",
          "resolved": "https://registry.npmjs.org/grunt-cli/-/grunt-cli-1.2.0.tgz",
          "integrity": "sha1-VisRnrsGndtGSs4oRVAb6Xs1tqg="
        }
      }
    },
    "grunt-contrib-clean": {
      "version": "1.1.0",
      "resolved": "https://registry.npmjs.org/grunt-contrib-clean/-/grunt-contrib-clean-1.1.0.tgz",
      "integrity": "sha1-Vkq/LQN4qYOhW54/MO51tzjEBjg=",
      "dev": true,
      "dependencies": {
        "async": {
          "version": "1.5.2",
          "resolved": "https://registry.npmjs.org/async/-/async-1.5.2.tgz",
          "integrity": "sha1-7GphrlZIDAw8skHJVhjiCJL5Zyo="
        },
        "rimraf": {
          "version": "2.6.1",
          "resolved": "https://registry.npmjs.org/rimraf/-/rimraf-2.6.1.tgz",
          "integrity": "sha1-wjOOxkPfeht/5cVPqG9XQopV8z0="
        }
      }
    },
    "grunt-contrib-concat": {
      "version": "1.0.1",
      "resolved": "https://registry.npmjs.org/grunt-contrib-concat/-/grunt-contrib-concat-1.0.1.tgz",
      "integrity": "sha1-YVCYYwhOhx1+ht5IwBUlntl3Rb0=",
      "dev": true
    },
    "grunt-contrib-copy": {
      "version": "1.0.0",
      "resolved": "https://registry.npmjs.org/grunt-contrib-copy/-/grunt-contrib-copy-1.0.0.tgz",
      "integrity": "sha1-cGDGWB6QS4qw0A8HbgqPbj58NXM=",
      "dev": true
    },
    "grunt-contrib-cssmin": {
      "version": "2.2.1",
      "resolved": "https://registry.npmjs.org/grunt-contrib-cssmin/-/grunt-contrib-cssmin-2.2.1.tgz",
      "integrity": "sha512-IXNomhQ5ekVZbDbj/ik5YccoD9khU6LT2fDXqO1+/Txjq8cp0tQKjVS8i8EAbHOrSDkL7/UD6A7b+xj98gqh9w==",
      "dev": true,
      "dependencies": {
        "gzip-size": {
          "version": "3.0.0",
          "resolved": "https://registry.npmjs.org/gzip-size/-/gzip-size-3.0.0.tgz",
          "integrity": "sha1-VGGI6b3DN/Zzdy+BZgRks4nc5SA="
        },
        "maxmin": {
          "version": "2.1.0",
          "resolved": "https://registry.npmjs.org/maxmin/-/maxmin-2.1.0.tgz",
          "integrity": "sha1-TTsiCQPZXu5+t6x/qGTnLcCaMWY="
        },
        "pretty-bytes": {
          "version": "3.0.1",
          "resolved": "https://registry.npmjs.org/pretty-bytes/-/pretty-bytes-3.0.1.tgz",
          "integrity": "sha1-J9AAjXeAY6C0gRuzXHnxvV1fvM8="
        }
      }
    },
    "grunt-contrib-htmlmin": {
      "version": "2.4.0",
      "resolved": "https://registry.npmjs.org/grunt-contrib-htmlmin/-/grunt-contrib-htmlmin-2.4.0.tgz",
      "integrity": "sha1-afSYGRmeKsiRUrv4r6XtMhykj5k=",
      "dev": true,
      "dependencies": {
        "pretty-bytes": {
          "version": "4.0.2",
          "resolved": "https://registry.npmjs.org/pretty-bytes/-/pretty-bytes-4.0.2.tgz",
          "integrity": "sha1-sr+C5zUNZcbDOqlaqlpPYyf2HNk="
        }
      }
    },
    "grunt-contrib-jshint": {
      "version": "1.1.0",
      "resolved": "https://registry.npmjs.org/grunt-contrib-jshint/-/grunt-contrib-jshint-1.1.0.tgz",
      "integrity": "sha1-Np2QmyWTxA6L55lAshNAhQx5Oaw=",
      "dev": true
    },
    "grunt-contrib-less": {
      "version": "1.4.1",
      "resolved": "https://registry.npmjs.org/grunt-contrib-less/-/grunt-contrib-less-1.4.1.tgz",
      "integrity": "sha1-O73sC3XRLOqlXWKUNiXAsIYc328=",
      "dev": true,
      "dependencies": {
        "async": {
          "version": "2.5.0",
          "resolved": "https://registry.npmjs.org/async/-/async-2.5.0.tgz",
          "integrity": "sha512-e+lJAJeNWuPCNyxZKOBdaJGyLGHugXVQtrAwtuAe2vhxTYxFTKE73p8JuTmdH0qdQZtDvI4dhJwjZc5zsfIsYw=="
        },
        "lodash": {
          "version": "4.17.4",
          "resolved": "https://registry.npmjs.org/lodash/-/lodash-4.17.4.tgz",
          "integrity": "sha1-eCA6TRwyiuHYbcpkYONptX9AVa4="
        }
      }
    },
    "grunt-contrib-uglify": {
      "version": "git://github.com/gruntjs/grunt-contrib-uglify.git#c2ccee1b61a585c5f4fca00da8f79cc1db37048b",
      "from": "git://github.com/gruntjs/grunt-contrib-uglify.git#c2ccee1b61a585c5f4fca00da8f79cc1db37048b",
      "dev": true,
      "dependencies": {
        "uglify-es": {
          "version": "3.0.27",
          "resolved": "https://registry.npmjs.org/uglify-es/-/uglify-es-3.0.27.tgz",
          "integrity": "sha512-pilJpTnbfm9OhYKJJn7rwv3rtdMerqv+HLLS+Vz/3q3uYA5mE+aQYslfqyj3+fiNwoC+PQRCLyvxkkANa5zYHw=="
        }
      }
    },
    "grunt-run": {
      "version": "0.7.0",
      "resolved": "https://registry.npmjs.org/grunt-run/-/grunt-run-0.7.0.tgz",
      "integrity": "sha1-Gm7AfkbV3mTutJrGAyQFXCkCC4I=",
      "dev": true
    },
    "jshint-stylish": {
      "version": "2.2.1",
      "resolved": "https://registry.npmjs.org/jshint-stylish/-/jshint-stylish-2.2.1.tgz",
      "integrity": "sha1-JCCCosA1rgP9gQROBXDMQgjPbmE=",
      "dev": true
    },
    "pg": {
      "version": "7.3.0",
      "resolved": "https://registry.npmjs.org/pg/-/pg-7.3.0.tgz",
      "integrity": "sha1-J14nRm5UpkX2tKFvasrfa4Sa2Ds=",
      "dependencies": {
        "semver": {
          "version": "4.3.2",
          "resolved": "https://registry.npmjs.org/semver/-/semver-4.3.2.tgz",
          "integrity": "sha1-x6BxWKgL7dBSNVt3DYLWZA+AO+c="
        }
      }
    },
    "sequelize": {
      "version": "4.4.3",
      "resolved": "https://registry.npmjs.org/sequelize/-/sequelize-4.4.3.tgz",
      "integrity": "sha1-+XhVJNHH0sHNMJ8CRHbsWJeTNpA=",
      "dependencies": {
        "lodash": {
          "version": "4.17.4",
          "resolved": "https://registry.npmjs.org/lodash/-/lodash-4.17.4.tgz",
          "integrity": "sha1-eCA6TRwyiuHYbcpkYONptX9AVa4="
        }
      }
    }
  }
}
